Microsoft Visual Studio Solution File, Format Version 12.00
# Visual Studio Version 17
VisualStudioVersion = 17.5.2.0
MinimumVisualStudioVersion = 10.0.40219.1
Project("{FAE04EC0-301F-11D3-BF4B-00C04F79EFBC}") = "Singly_Linked_List", "Singly_Linked_List.csproj", "{F11928DC-DBCE-A787-FC49-2C2F764EC9C3}"
EndProject
Global
	GlobalSection(SolutionConfigurationPlatforms) = preSolution
		Debug|Any CPU = Debug|Any CPU
		Release|Any CPU = Release|Any CPU
	EndGlobalSection
	GlobalSection(ProjectConfigurationPlatforms) = postSolution
		{F11928DC-DBCE-A787-FC49-2C2F764EC9C3}.Debug|Any CPU.ActiveCfg = Debug|Any CPU
		{F11928DC-DBCE-A787-FC49-2C2F764EC9C3}.Debug|Any CPU.Build.0 = Debug|Any CPU
		{F11928DC-DBCE-A787-FC49-2C2F764EC9C3}.Release|Any CPU.ActiveCfg = Release|Any CPU
		{F11928DC-DBCE-A787-FC49-2C2F764EC9C3}.Release|Any CPU.Build.0 = Release|Any CPU
	EndGlobalSection
	GlobalSection(SolutionProperties) = preSolution
		HideSolutionNode = FALSE
	EndGlobalSection
	GlobalSection(ExtensibilityGlobals) = postSolution
		SolutionGuid = {E5F066B3-534E-4996-B03F-61EFEB53EF15}
	EndGlobalSection
EndGlobal
